
Microsoft Visual Studio Solution File, Format Version 11.00
# Visual Studio 2010
Project("{FAE04EC0-301F-11D3-BF4B-00C04F79EFBC}") = "TestGameGuesser", "TestGameGuesser\TestGameGuesser.csproj", "{47AFAB78-1100-428B-A996-E1F208457EA6}"
EndProject
Project("{FAE04EC0-301F-11D3-BF4B-00C04F79EFBC}") = "Guesser", "Guesser\Guesser.csproj", "{399EB356-453B-436E-8DB6-8E087DE07491}"
EndProject
Global
	GlobalSection(SolutionConfigurationPlatforms) = preSolution
		Debug|x86 = Debug|x86
		Release|x86 = Release|x86
	EndGlobalSection
	GlobalSection(ProjectConfigurationPlatforms) = postSolution
		{399EB356-453B-436E-8DB6-8E087DE07491}.Debug|x86.ActiveCfg = Debug|Any CPU
		{399EB356-453B-436E-8DB6-8E087DE07491}.Debug|x86.Build.0 = Debug|Any CPU
		{399EB356-453B-436E-8DB6-8E087DE07491}.Release|x86.ActiveCfg = Release|Any CPU
		{399EB356-453B-436E-8DB6-8E087DE07491}.Release|x86.Build.0 = Release|Any CPU
		{47AFAB78-1100-428B-A996-E1F208457EA6}.Debug|x86.ActiveCfg = Debug|Any CPU
		{47AFAB78-1100-428B-A996-E1F208457EA6}.Debug|x86.Build.0 = Debug|Any CPU
		{47AFAB78-1100-428B-A996-E1F208457EA6}.Release|x86.ActiveCfg = Release|Any CPU
		{47AFAB78-1100-428B-A996-E1F208457EA6}.Release|x86.Build.0 = Release|Any CPU
	EndGlobalSection
	GlobalSection(MonoDevelopProperties) = preSolution
		StartupItem = TestGameGuesser\TestGameGuesser.csproj
	EndGlobalSection
EndGlobal
