
Microsoft Visual Studio Solution File, Format Version 11.00
# Visual Studio 2010
Project("{FAE04EC0-301F-11D3-BF4B-00C04F79EFBC}") = "TestGameGuesser", "TestGameGuesser.csproj", "{47AFAB78-1100-428B-A996-E1F208457EA6}"
EndProject
Global
	GlobalSection(SolutionConfigurationPlatforms) = preSolution
		Debug|Any CPU = Debug|Any CPU
		Release|Any CPU = Release|Any CPU
	EndGlobalSection
	GlobalSection(ProjectConfigurationPlatforms) = postSolution
		{47AFAB78-1100-428B-A996-E1F208457EA6}.Debug|Any CPU.ActiveCfg = Debug|Any CPU
		{47AFAB78-1100-428B-A996-E1F208457EA6}.Debug|Any CPU.Build.0 = Debug|Any CPU
		{47AFAB78-1100-428B-A996-E1F208457EA6}.Release|Any CPU.ActiveCfg = Release|Any CPU
		{47AFAB78-1100-428B-A996-E1F208457EA6}.Release|Any CPU.Build.0 = Release|Any CPU
	EndGlobalSection
	GlobalSection(MonoDevelopProperties) = preSolution
		StartupItem = TestGameGuesser.csproj
	EndGlobalSection
EndGlobal
